
Microsoft Visual Studio Solution File, Format Version 12.00
# Visual Studio 2013
VisualStudioVersion = 12.0.30723.0
MinimumVisualStudioVersion = 10.0.40219.1
Project("{FAE04EC0-301F-11D3-BF4B-00C04F79EFBC}") = "DelegateOfMainExampleTests", "DelegateOfMainExampleTests\DelegateOfMainExampleTests.csproj", "{FEE6D0BB-C9AB-44F7-B75D-17A6BB0966CC}"
EndProject
Project("{FAE04EC0-301F-11D3-BF4B-00C04F79EFBC}") = "DelegateOfMainExample", "DelegateOfMainExample\DelegateOfMainExample.csproj", "{67665E23-BEBB-4C3A-8F50-4023F20547BE}"
EndProject
Global
	GlobalSection(SolutionConfigurationPlatforms) = preSolution
		Debug|Any CPU = Debug|Any CPU
		Release|Any CPU = Release|Any CPU
	EndGlobalSection
	GlobalSection(ProjectConfigurationPlatforms) = postSolution
		{FEE6D0BB-C9AB-44F7-B75D-17A6BB0966CC}.Debug|Any CPU.ActiveCfg = Debug|Any CPU
		{FEE6D0BB-C9AB-44F7-B75D-17A6BB0966CC}.Debug|Any CPU.Build.0 = Debug|Any CPU
		{FEE6D0BB-C9AB-44F7-B75D-17A6BB0966CC}.Release|Any CPU.ActiveCfg = Release|Any CPU
		{FEE6D0BB-C9AB-44F7-B75D-17A6BB0966CC}.Release|Any CPU.Build.0 = Release|Any CPU
		{67665E23-BEBB-4C3A-8F50-4023F20547BE}.Debug|Any CPU.ActiveCfg = Debug|Any CPU
		{67665E23-BEBB-4C3A-8F50-4023F20547BE}.Debug|Any CPU.Build.0 = Debug|Any CPU
		{67665E23-BEBB-4C3A-8F50-4023F20547BE}.Release|Any CPU.ActiveCfg = Release|Any CPU
		{67665E23-BEBB-4C3A-8F50-4023F20547BE}.Release|Any CPU.Build.0 = Release|Any CPU
	EndGlobalSection
	GlobalSection(SolutionProperties) = preSolution
		HideSolutionNode = FALSE
	EndGlobalSection
EndGlobal
